# This file is automatically @generated by Cargo.
# It is not intended for manual editing.
[[package]]
name = "enter_grain"
version = "0.1.0"
dependencies = [
 "syscall 0.2.1 (registry+https://github.com/rust-lang/crates.io-index)",
]

[[package]]
name = "syscall"
version = "0.2.1"
source = "registry+https://github.com/rust-lang/crates.io-index"

[metadata]
"checksum syscall 0.2.1 (registry+https://github.com/rust-lang/crates.io-index)" = "dae2c4de039bf338dd96f46621f20222c4101045dac5403b46f472608cb5b556"
